
Microsoft Visual Studio Solution File, Format Version 12.00
# Visual Studio Version 16
VisualStudioVersion = 16.0.29318.209
MinimumVisualStudioVersion = 10.0.40219.1
Project("{9A19103F-16F7-4668-BE54-9A1E7A4F7556}") = "Eklm.WebAPI", "Eklm.WebAPI\Eklm.WebAPI.csproj", "{7173DB38-D222-4C81-8C8C-CFBF70DF129D}"
EndProject
Global
	GlobalSection(SolutionConfigurationPlatforms) = preSolution
		Debug|Any CPU = Debug|Any CPU
		Release|Any CPU = Release|Any CPU
	EndGlobalSection
	GlobalSection(ProjectConfigurationPlatforms) = postSolution
		{7173DB38-D222-4C81-8C8C-CFBF70DF129D}.Debug|Any CPU.ActiveCfg = Debug|Any CPU
		{7173DB38-D222-4C81-8C8C-CFBF70DF129D}.Debug|Any CPU.Build.0 = Debug|Any CPU
		{7173DB38-D222-4C81-8C8C-CFBF70DF129D}.Release|Any CPU.ActiveCfg = Release|Any CPU
		{7173DB38-D222-4C81-8C8C-CFBF70DF129D}.Release|Any CPU.Build.0 = Release|Any CPU
	EndGlobalSection
	GlobalSection(SolutionProperties) = preSolution
		HideSolutionNode = FALSE
	EndGlobalSection
	GlobalSection(ExtensibilityGlobals) = postSolution
		SolutionGuid = {B1C5B3C1-F987-4954-A270-473F00492D32}
	EndGlobalSection
EndGlobal
